
Microsoft Visual Studio Solution File, Format Version 12.00
# Visual Studio 15
VisualStudioVersion = 15.0.26430.16
MinimumVisualStudioVersion = 10.0.40219.1
Project("{FAE04EC0-301F-11D3-BF4B-00C04F79EFBC}") = "BackerUpper.Configuration", "BackerUpper.Configuration\BackerUpper.Configuration.csproj", "{6A87F54C-379D-4F40-8971-9996BC1EB833}"
EndProject
Project("{FAE04EC0-301F-11D3-BF4B-00C04F79EFBC}") = "BackerUpper.Notification", "BackerUpper.Notification\BackerUpper.Notification.csproj", "{65524330-D77E-4153-9077-A893AB7E5E1C}"
EndProject
Project("{FAE04EC0-301F-11D3-BF4B-00C04F79EFBC}") = "BackerUpper", "BackerUpper\BackerUpper.csproj", "{1D68914A-8770-44C4-851A-EF34A7BFC83D}"
EndProject
Project("{FAE04EC0-301F-11D3-BF4B-00C04F79EFBC}") = "BackerUpper.WebApi", "BackerUpper.WebApi\BackerUpper.WebApi.csproj", "{217A17BE-5201-4E3F-8A4B-F582DD112F36}"
EndProject
Project("{FAE04EC0-301F-11D3-BF4B-00C04F79EFBC}") = "BackerUpper.Core", "BackerUpper.Core\BackerUpper.Core.csproj", "{025BAE98-B8E0-4580-AA50-A6BFBBF33E74}"
EndProject
Global
	GlobalSection(SolutionConfigurationPlatforms) = preSolution
		Debug|Any CPU = Debug|Any CPU
		Release|Any CPU = Release|Any CPU
	EndGlobalSection
	GlobalSection(ProjectConfigurationPlatforms) = postSolution
		{6A87F54C-379D-4F40-8971-9996BC1EB833}.Debug|Any CPU.ActiveCfg = Debug|Any CPU
		{6A87F54C-379D-4F40-8971-9996BC1EB833}.Debug|Any CPU.Build.0 = Debug|Any CPU
		{6A87F54C-379D-4F40-8971-9996BC1EB833}.Release|Any CPU.ActiveCfg = Release|Any CPU
		{6A87F54C-379D-4F40-8971-9996BC1EB833}.Release|Any CPU.Build.0 = Release|Any CPU
		{65524330-D77E-4153-9077-A893AB7E5E1C}.Debug|Any CPU.ActiveCfg = Debug|Any CPU
		{65524330-D77E-4153-9077-A893AB7E5E1C}.Debug|Any CPU.Build.0 = Debug|Any CPU
		{65524330-D77E-4153-9077-A893AB7E5E1C}.Release|Any CPU.ActiveCfg = Release|Any CPU
		{65524330-D77E-4153-9077-A893AB7E5E1C}.Release|Any CPU.Build.0 = Release|Any CPU
		{1D68914A-8770-44C4-851A-EF34A7BFC83D}.Debug|Any CPU.ActiveCfg = Debug|Any CPU
		{1D68914A-8770-44C4-851A-EF34A7BFC83D}.Debug|Any CPU.Build.0 = Debug|Any CPU
		{1D68914A-8770-44C4-851A-EF34A7BFC83D}.Release|Any CPU.ActiveCfg = Release|Any CPU
		{1D68914A-8770-44C4-851A-EF34A7BFC83D}.Release|Any CPU.Build.0 = Release|Any CPU
		{217A17BE-5201-4E3F-8A4B-F582DD112F36}.Debug|Any CPU.ActiveCfg = Debug|Any CPU
		{217A17BE-5201-4E3F-8A4B-F582DD112F36}.Debug|Any CPU.Build.0 = Debug|Any CPU
		{217A17BE-5201-4E3F-8A4B-F582DD112F36}.Release|Any CPU.ActiveCfg = Release|Any CPU
		{217A17BE-5201-4E3F-8A4B-F582DD112F36}.Release|Any CPU.Build.0 = Release|Any CPU
		{025BAE98-B8E0-4580-AA50-A6BFBBF33E74}.Debug|Any CPU.ActiveCfg = Debug|Any CPU
		{025BAE98-B8E0-4580-AA50-A6BFBBF33E74}.Debug|Any CPU.Build.0 = Debug|Any CPU
		{025BAE98-B8E0-4580-AA50-A6BFBBF33E74}.Release|Any CPU.ActiveCfg = Release|Any CPU
		{025BAE98-B8E0-4580-AA50-A6BFBBF33E74}.Release|Any CPU.Build.0 = Release|Any CPU
	EndGlobalSection
	GlobalSection(SolutionProperties) = preSolution
		HideSolutionNode = FALSE
	EndGlobalSection
EndGlobal
